
Microsoft Visual Studio Solution File, Format Version 12.00
# Visual Studio 15
VisualStudioVersion = 15.0.27004.2006
MinimumVisualStudioVersion = 10.0.40219.1
Project("{FAE04EC0-301F-11D3-BF4B-00C04F79EFBC}") = "cfzDashboard", "cfzDashboard\cfzDashboard.csproj", "{ADB1B608-6C12-4086-AF65-BEC33BBBEFDB}"
EndProject
Global
	GlobalSection(SolutionConfigurationPlatforms) = preSolution
		Debug|Any CPU = Debug|Any CPU
		Release|Any CPU = Release|Any CPU
	EndGlobalSection
	GlobalSection(ProjectConfigurationPlatforms) = postSolution
		{ADB1B608-6C12-4086-AF65-BEC33BBBEFDB}.Debug|Any CPU.ActiveCfg = Debug|Any CPU
		{ADB1B608-6C12-4086-AF65-BEC33BBBEFDB}.Debug|Any CPU.Build.0 = Debug|Any CPU
		{ADB1B608-6C12-4086-AF65-BEC33BBBEFDB}.Release|Any CPU.ActiveCfg = Release|Any CPU
		{ADB1B608-6C12-4086-AF65-BEC33BBBEFDB}.Release|Any CPU.Build.0 = Release|Any CPU
	EndGlobalSection
	GlobalSection(SolutionProperties) = preSolution
		HideSolutionNode = FALSE
	EndGlobalSection
	GlobalSection(ExtensibilityGlobals) = postSolution
		SolutionGuid = {632C3D0C-6619-48A1-8553-41D786835287}
	EndGlobalSection
EndGlobal
